// !$*UTF8*$!
{
	archiveVersion = 1;
	classes = {
	};
	objectVersion = 50;
	objects = {

/* Begin PBXBuildFile section */
		6B10F17D23DF7F4600AD5094 /* main.swift in Sources */ = {isa = PBXBuildFile; fileRef = 6B10F17C23DF7F4600AD5094 /* main.swift */; };
		6B10F18523DF801300AD5094 /* Animals.swift in Sources */ = {isa = PBXBuildFile; fileRef = 6B10F18423DF801300AD5094 /* Animals.swift */; };
		6B10F18823E08CC200AD5094 /* Closures.swift in Sources */ = {isa = PBXBuildFile; fileRef = 6B10F18723E08CC200AD5094 /* Closures.swift */; };
		6B10F18C23E0CF4F00AD5094 /* CollectionWithClosures.swift in Sources */ = {isa = PBXBuildFile; fileRef = 6B10F18B23E0CF4F00AD5094 /* CollectionWithClosures.swift */; };
		6B10F18F23E0DE1200AD5094 /* Enumeration.swift in Sources */ = {isa = PBXBuildFile; fileRef = 6B10F18E23E0DE1200AD5094 /* Enumeration.swift */; };
/* End PBXBuildFile section */

/* Begin PBXCopyFilesBuildPhase section */
		6B10F17723DF7F4600AD5094 /* CopyFiles */ = {
			isa = PBXCopyFilesBuildPhase;
			buildActionMask = 2147483647;
			dstPath = /usr/share/man/man1/;
			dstSubfolderSpec = 0;
			files = (
			);
			runOnlyForDeploymentPostprocessing = 1;
		};
/* End PBXCopyFilesBuildPhase section */

/* Begin PBXFileReference section */
		6B10F17923DF7F4600AD5094 /* swiftWiki */ = {isa = PBXFileReference; explicitFileType = "compiled.mach-o.executable"; includeInIndex = 0; path = swiftWiki; sourceTree = BUILT_PRODUCTS_DIR; };
		6B10F17C23DF7F4600AD5094 /* main.swift */ = {isa = PBXFileReference; lastKnownFileType = sourcecode.swift; path = main.swift; sourceTree = "<group>"; };
		6B10F18423DF801300AD5094 /* Animals.swift */ = {isa = PBXFileReference; lastKnownFileType = sourcecode.swift; path = Animals.swift; sourceTree = "<group>"; };
		6B10F18723E08CC200AD5094 /* Closures.swift */ = {isa = PBXFileReference; lastKnownFileType = sourcecode.swift; path = Closures.swift; sourceTree = "<group>"; };
		6B10F18B23E0CF4F00AD5094 /* CollectionWithClosures.swift */ = {isa = PBXFileReference; lastKnownFileType = sourcecode.swift; path = CollectionWithClosures.swift; sourceTree = "<group>"; };
		6B10F18E23E0DE1200AD5094 /* Enumeration.swift */ = {isa = PBXFileReference; lastKnownFileType = sourcecode.swift; path = Enumeration.swift; sourceTree = "<group>"; };
/* End PBXFileReference section */

/* Begin PBXFrameworksBuildPhase section */
		6B10F17623DF7F4600AD5094 /* Frameworks */ = {
			isa = PBXFrameworksBuildPhase;
			buildActionMask = 2147483647;
			files = (
			);
			runOnlyForDeploymentPostprocessing = 0;
		};
/* End PBXFrameworksBuildPhase section */

/* Begin PBXGroup section */
		6B10F17023DF7F4600AD5094 = {
			isa = PBXGroup;
			children = (
				6B10F17B23DF7F4600AD5094 /* swiftWiki */,
				6B10F17A23DF7F4600AD5094 /* Products */,
			);
			sourceTree = "<group>";
		};
		6B10F17A23DF7F4600AD5094 /* Products */ = {
			isa = PBXGroup;
			children = (
				6B10F17923DF7F4600AD5094 /* swiftWiki */,
			);
			name = Products;
			sourceTree = "<group>";
		};
		6B10F17B23DF7F4600AD5094 /* swiftWiki */ = {
			isa = PBXGroup;
			children = (
				6B10F18D23E0DDD100AD5094 /* Enumeration */,
				6B10F18623E08CAA00AD5094 /* Closures */,
				6B10F18323DF7FFD00AD5094 /* ProtocolAbstraction */,
				6B10F17C23DF7F4600AD5094 /* main.swift */,
			);
			path = swiftWiki;
			sourceTree = "<group>";
		};
		6B10F18323DF7FFD00AD5094 /* ProtocolAbstraction */ = {
			isa = PBXGroup;
			children = (
				6B10F18423DF801300AD5094 /* Animals.swift */,
			);
			path = ProtocolAbstraction;
			sourceTree = "<group>";
		};
		6B10F18623E08CAA00AD5094 /* Closures */ = {
			isa = PBXGroup;
			children = (
				6B10F18723E08CC200AD5094 /* Closures.swift */,
				6B10F18B23E0CF4F00AD5094 /* CollectionWithClosures.swift */,
			);
			path = Closures;
			sourceTree = "<group>";
		};
		6B10F18D23E0DDD100AD5094 /* Enumeration */ = {
			isa = PBXGroup;
			children = (
				6B10F18E23E0DE1200AD5094 /* Enumeration.swift */,
			);
			path = Enumeration;
			sourceTree = "<group>";
		};
/* End PBXGroup section */

/* Begin PBXNativeTarget section */
		6B10F17823DF7F4600AD5094 /* swiftWiki */ = {
			isa = PBXNativeTarget;
			buildConfigurationList = 6B10F18023DF7F4600AD5094 /* Build configuration list for PBXNativeTarget "swiftWiki" */;
			buildPhases = (
				6B10F17523DF7F4600AD5094 /* Sources */,
				6B10F17623DF7F4600AD5094 /* Frameworks */,
				6B10F17723DF7F4600AD5094 /* CopyFiles */,
			);
			buildRules = (
			);
			dependencies = (
			);
			name = swiftWiki;
			productName = swiftWiki;
			productReference = 6B10F17923DF7F4600AD5094 /* swiftWiki */;
			productType = "com.apple.product-type.tool";
		};
/* End PBXNativeTarget section */

/* Begin PBXProject section */
		6B10F17123DF7F4600AD5094 /* Project object */ = {
			isa = PBXProject;
			attributes = {
				LastSwiftUpdateCheck = 1100;
				LastUpgradeCheck = 1100;
				ORGANIZATIONNAME = "Manpreet Singh";
				TargetAttributes = {
					6B10F17823DF7F4600AD5094 = {
						CreatedOnToolsVersion = 11.0;
					};
				};
			};
			buildConfigurationList = 6B10F17423DF7F4600AD5094 /* Build configuration list for PBXProject "swiftWiki" */;
			compatibilityVersion = "Xcode 9.3";
			developmentRegion = en;
			hasScannedForEncodings = 0;
			knownRegions = (
				en,
				Base,
			);
			mainGroup = 6B10F17023DF7F4600AD5094;
			productRefGroup = 6B10F17A23DF7F4600AD5094 /* Products */;
			projectDirPath = "";
			projectRoot = "";
			targets = (
				6B10F17823DF7F4600AD5094 /* swiftWiki */,
			);
		};
/* End PBXProject section */

/* Begin PBXSourcesBuildPhase section */
		6B10F17523DF7F4600AD5094 /* Sources */ = {
			isa = PBXSourcesBuildPhase;
			buildActionMask = 2147483647;
			files = (
				6B10F17D23DF7F4600AD5094 /* main.swift in Sources */,
				6B10F18F23E0DE1200AD5094 /* Enumeration.swift in Sources */,
				6B10F18523DF801300AD5094 /* Animals.swift in Sources */,
				6B10F18823E08CC200AD5094 /* Closures.swift in Sources */,
				6B10F18C23E0CF4F00AD5094 /* CollectionWithClosures.swift in Sources */,
			);
			runOnlyForDeploymentPostprocessing = 0;
		};
/* End PBXSourcesBuildPhase section */

/* Begin XCBuildConfiguration section */
		6B10F17E23DF7F4600AD5094 /* Debug */ = {
			isa = XCBuildConfiguration;
			buildSettings = {
				ALWAYS_SEARCH_USER_PATHS = NO;
				CLANG_ANALYZER_NONNULL = YES;
				CLANG_ANALYZER_NUMBER_OBJECT_CONVERSION = YES_AGGRESSIVE;
				CLANG_CXX_LANGUAGE_STANDARD = "gnu++14";
				CLANG_CXX_LIBRARY = "libc++";
				CLANG_ENABLE_MODULES = YES;
				CLANG_ENABLE_OBJC_ARC = YES;
				CLANG_ENABLE_OBJC_WEAK = YES;
				CLANG_WARN_BLOCK_CAPTURE_AUTORELEASING = YES;
				CLANG_WARN_BOOL_CONVERSION = YES;
				CLANG_WARN_COMMA = YES;
				CLANG_WARN_CONSTANT_CONVERSION = YES;
				CLANG_WARN_DEPRECATED_OBJC_IMPLEMENTATIONS = YES;
				CLANG_WARN_DIRECT_OBJC_ISA_USAGE = YES_ERROR;
				CLANG_WARN_DOCUMENTATION_COMMENTS = YES;
				CLANG_WARN_EMPTY_BODY = YES;
				CLANG_WARN_ENUM_CONVERSION = YES;
				CLANG_WARN_INFINITE_RECURSION = YES;
				CLANG_WARN_INT_CONVERSION = YES;
				CLANG_WARN_NON_LITERAL_NULL_CONVERSION = YES;
				CLANG_WARN_OBJC_IMPLICIT_RETAIN_SELF = YES;
				CLANG_WARN_OBJC_LITERAL_CONVERSION = YES;
				CLANG_WARN_OBJC_ROOT_CLASS = YES_ERROR;
				CLANG_WARN_RANGE_LOOP_ANALYSIS = YES;
				CLANG_WARN_STRICT_PROTOTYPES = YES;
				CLANG_WARN_SUSPICIOUS_MOVE = YES;
				CLANG_WARN_UNGUARDED_AVAILABILITY = YES_AGGRESSIVE;
				CLANG_WARN_UNREACHABLE_CODE = YES;
				CLANG_WARN__DUPLICATE_METHOD_MATCH = YES;
				COPY_PHASE_STRIP = NO;
				DEBUG_INFORMATION_FORMAT = dwarf;
				ENABLE_STRICT_OBJC_MSGSEND = YES;
				ENABLE_TESTABILITY = YES;
				GCC_C_LANGUAGE_STANDARD = gnu11;
				GCC_DYNAMIC_NO_PIC = NO;
				GCC_NO_COMMON_BLOCKS = YES;
				GCC_OPTIMIZATION_LEVEL = 0;
				GCC_PREPROCESSOR_DEFINITIONS = (
					"DEBUG=1",
					"$(inherited)",
				);
				GCC_WARN_64_TO_32_BIT_CONVERSION = YES;
				GCC_WARN_ABOUT_RETURN_TYPE = YES_ERROR;
				GCC_WARN_UNDECLARED_SELECTOR = YES;
				GCC_WARN_UNINITIALIZED_AUTOS = YES_AGGRESSIVE;
				GCC_WARN_UNUSED_FUNCTION = YES;
				GCC_WARN_UNUSED_VARIABLE = YES;
				MACOSX_DEPLOYMENT_TARGET = 10.14;
				MTL_ENABLE_DEBUG_INFO = INCLUDE_SOURCE;
				MTL_FAST_MATH = YES;
				ONLY_ACTIVE_ARCH = YES;
				SDKROOT = macosx;
				SWIFT_ACTIVE_COMPILATION_CONDITIONS = DEBUG;
				SWIFT_OPTIMIZATION_LEVEL = "-Onone";
			};
			name = Debug;
		};
		6B10F17F23DF7F4600AD5094 /* Release */ = {
			isa = XCBuildConfiguration;
			buildSettings = {
				ALWAYS_SEARCH_USER_PATHS = NO;
				CLANG_ANALYZER_NONNULL = YES;
				CLANG_ANALYZER_NUMBER_OBJECT_CONVERSION = YES_AGGRESSIVE;
				CLANG_CXX_LANGUAGE_STANDARD = "gnu++14";
				CLANG_CXX_LIBRARY = "libc++";
				CLANG_ENABLE_MODULES = YES;
				CLANG_ENABLE_OBJC_ARC = YES;
				CLANG_ENABLE_OBJC_WEAK = YES;
				CLANG_WARN_BLOCK_CAPTURE_AUTORELEASING = YES;
				CLANG_WARN_BOOL_CONVERSION = YES;
				CLANG_WARN_COMMA = YES;
				CLANG_WARN_CONSTANT_CONVERSION = YES;
				CLANG_WARN_DEPRECATED_OBJC_IMPLEMENTATIONS = YES;
				CLANG_WARN_DIRECT_OBJC_ISA_USAGE = YES_ERROR;
				CLANG_WARN_DOCUMENTATION_COMMENTS = YES;
				CLANG_WARN_EMPTY_BODY = YES;
				CLANG_WARN_ENUM_CONVERSION = YES;
				CLANG_WARN_INFINITE_RECURSION = YES;
				CLANG_WARN_INT_CONVERSION = YES;
				CLANG_WARN_NON_LITERAL_NULL_CONVERSION = YES;
				CLANG_WARN_OBJC_IMPLICIT_RETAIN_SELF = YES;
				CLANG_WARN_OBJC_LITERAL_CONVERSION = YES;
				CLANG_WARN_OBJC_ROOT_CLASS = YES_ERROR;
				CLANG_WARN_RANGE_LOOP_ANALYSIS = YES;
				CLANG_WARN_STRICT_PROTOTYPES = YES;
				CLANG_WARN_SUSPICIOUS_MOVE = YES;
				CLANG_WARN_UNGUARDED_AVAILABILITY = YES_AGGRESSIVE;
				CLANG_WARN_UNREACHABLE_CODE = YES;
				CLANG_WARN__DUPLICATE_METHOD_MATCH = YES;
				COPY_PHASE_STRIP = NO;
				DEBUG_INFORMATION_FORMAT = "dwarf-with-dsym";
				ENABLE_NS_ASSERTIONS = NO;
				ENABLE_STRICT_OBJC_MSGSEND = YES;
				GCC_C_LANGUAGE_STANDARD = gnu11;
				GCC_NO_COMMON_BLOCKS = YES;
				GCC_WARN_64_TO_32_BIT_CONVERSION = YES;
				GCC_WARN_ABOUT_RETURN_TYPE = YES_ERROR;
				GCC_WARN_UNDECLARED_SELECTOR = YES;
				GCC_WARN_UNINITIALIZED_AUTOS = YES_AGGRESSIVE;
				GCC_WARN_UNUSED_FUNCTION = YES;
				GCC_WARN_UNUSED_VARIABLE = YES;
				MACOSX_DEPLOYMENT_TARGET = 10.14;
				MTL_ENABLE_DEBUG_INFO = NO;
				MTL_FAST_MATH = YES;
				SDKROOT = macosx;
				SWIFT_COMPILATION_MODE = wholemodule;
				SWIFT_OPTIMIZATION_LEVEL = "-O";
			};
			name = Release;
		};
		6B10F18123DF7F4600AD5094 /* Debug */ = {
			isa = XCBuildConfiguration;
			buildSettings = {
				CODE_SIGN_STYLE = Automatic;
				DEVELOPMENT_TEAM = GQ88LAGB77;
				ENABLE_HARDENED_RUNTIME = YES;
				PRODUCT_NAME = "$(TARGET_NAME)";
				SWIFT_VERSION = 5.0;
			};
			name = Debug;
		};
		6B10F18223DF7F4600AD5094 /* Release */ = {
			isa = XCBuildConfiguration;
			buildSettings = {
				CODE_SIGN_STYLE = Automatic;
				DEVELOPMENT_TEAM = GQ88LAGB77;
				ENABLE_HARDENED_RUNTIME = YES;
				PRODUCT_NAME = "$(TARGET_NAME)";
				SWIFT_VERSION = 5.0;
			};
			name = Release;
		};
/* End XCBuildConfiguration section */

/* Begin XCConfigurationList section */
		6B10F17423DF7F4600AD5094 /* Build configuration list for PBXProject "swiftWiki" */ = {
			isa = XCConfigurationList;
			buildConfigurations = (
				6B10F17E23DF7F4600AD5094 /* Debug */,
				6B10F17F23DF7F4600AD5094 /* Release */,
			);
			defaultConfigurationIsVisible = 0;
			defaultConfigurationName = Release;
		};
		6B10F18023DF7F4600AD5094 /* Build configuration list for PBXNativeTarget "swiftWiki" */ = {
			isa = XCConfigurationList;
			buildConfigurations = (
				6B10F18123DF7F4600AD5094 /* Debug */,
				6B10F18223DF7F4600AD5094 /* Release */,
			);
			defaultConfigurationIsVisible = 0;
			defaultConfigurationName = Release;
		};
/* End XCConfigurationList section */
	};
	rootObject = 6B10F17123DF7F4600AD5094 /* Project object */;
}
